{
  "name": "cocoen",
  "version": "2.0.5",
  "lockfileVersion": 1,
  "requires": true,
  "dependencies": {
    "babel-cli": {
      "version": "6.23.0",
      "resolved": "https://registry.npmjs.org/babel-cli/-/babel-cli-6.23.0.tgz",
      "integrity": "sha1-Uv+UaisPZGRcNee9XuomeqCUjA8=",
      "dev": true
    },
    "babel-plugin-transform-object-assign": {
      "version": "6.22.0",
      "resolved": "https://registry.npmjs.org/babel-plugin-transform-object-assign/-/babel-plugin-transform-object-assign-6.22.0.tgz",
      "integrity": "sha1-+Z0vZvGgsNSY40bFNZaEdAyqILo=",
      "dev": true
    },
    "babel-preset-env": {
      "version": "1.2.1",
      "resolved": "https://registry.npmjs.org/babel-preset-env/-/babel-preset-env-1.2.1.tgz",
      "integrity": "sha1-ZZF49U33SnR2X3lr5NKQtb7rP18=",
      "dev": true
    },
    "babelify": {
      "version": "7.3.0",
      "resolved": "https://registry.npmjs.org/babelify/-/babelify-7.3.0.tgz",
      "integrity": "sha1-qlau3nBn/XvVSWZu4W3ChQh+iOU=",
      "dev": true
    },
    "bower": {
      "version": "1.8.8",
      "resolved": "https://registry.npmjs.org/bower/-/bower-1.8.8.tgz",
      "integrity": "sha512-1SrJnXnkP9soITHptSO+ahx3QKp3cVzn8poI6ujqc5SeOkg5iqM1pK9H+DSc2OQ8SnO0jC/NG4Ur/UIwy7574A==",
      "dev": true
    },
    "browser-sync": {
      "version": "2.18.8",
      "resolved": "https://registry.npmjs.org/browser-sync/-/browser-sync-2.18.8.tgz",
      "integrity": "sha1-L7TeJTeY18+4Oa+5wvgBloSQzsI=",
      "dev": true,
      "dependencies": {
        "chokidar": {
          "version": "1.6.1",
          "resolved": "https://registry.npmjs.org/chokidar/-/chokidar-1.6.1.tgz",
          "integrity": "sha1-L0RHq16W5Q+z14n9kNTHLg5McMI="
        }
      }
    },
    "browserify": {
      "version": "14.1.0",
      "resolved": "https://registry.npmjs.org/browserify/-/browserify-14.1.0.tgz",
      "integrity": "sha1-BQjMHnv0wVIxLC+lI+Z2wLC5IxE=",
      "dev": true,
      "dependencies": {
        "string_decoder": {
          "version": "0.10.31",
          "resolved": "https://registry.npmjs.org/string_decoder/-/string_decoder-0.10.31.tgz",
          "integrity": "sha1-YuIDvEF2bGwoyfyEMB2rHFMQ+pQ="
        }
      }
    },
    "del": {
      "version": "2.2.2",
      "resolved": "https://registry.npmjs.org/del/-/del-2.2.2.tgz",
      "integrity": "sha1-wSyYHQZ4RshLyvhiz/kw2Qf/0ag=",
      "dev": true,
      "dependencies": {
        "globby": {
          "version": "5.0.0",
          "resolved": "https://registry.npmjs.org/globby/-/globby-5.0.0.tgz",
          "integrity": "sha1-69hGZ8oNuzMLmbz8aOrCvFQ3Dg0="
        }
      }
    },
    "eslint": {
      "version": "3.19.0",
      "resolved": "https://registry.npmjs.org/eslint/-/eslint-3.19.0.tgz",
      "integrity": "sha1-yPxiAcf0DdCJQbh8CFdnOGpnmsw=",
      "dev": true,
      "dependencies": {
        "doctrine": {
          "version": "2.0.0",
          "resolved": "https://registry.npmjs.org/doctrine/-/doctrine-2.0.0.tgz",
          "integrity": "sha1-xz2NKQnSIpHhoAejlYBNqLZl/mM="
        },
        "json-stable-stringify": {
          "version": "1.0.1",
          "resolved": "https://registry.npmjs.org/json-stable-stringify/-/json-stable-stringify-1.0.1.tgz",
          "integrity": "sha1-mnWdOcXy/1A/1TAGRu1EX4jE+a8="
        },
        "strip-bom": {
          "version": "3.0.0",
          "resolved": "https://registry.npmjs.org/strip-bom/-/strip-bom-3.0.0.tgz",
          "integrity": "sha1-IzTBjpx1n3vdVv3vfprj1YjmjtM="
        },
        "user-home": {
          "version": "2.0.0",
          "resolved": "https://registry.npmjs.org/user-home/-/user-home-2.0.0.tgz",
          "integrity": "sha1-nHC/2Babwdy/SGBODwS4tJzenp8="
        }
      }
    },
    "eslint-config-airbnb": {
      "version": "15.0.1",
      "resolved": "https://registry.npmjs.org/eslint-config-airbnb/-/eslint-config-airbnb-15.0.1.tgz",
      "integrity": "sha1-e1GI5bfHS5ss5jn9Xh2rqP12Gu0=",
      "dev": true
    },
    "eslint-plugin-import": {
      "version": "2.2.0",
      "resolved": "https://registry.npmjs.org/eslint-plugin-import/-/eslint-plugin-import-2.2.0.tgz",
      "integrity": "sha1-crowb60wXWfEgWNIpGmaQimsi04=",
      "dev": true
    },
    "eslint-plugin-jsx-a11y": {
      "version": "5.0.1",
      "resolved": "https://registry.npmjs.org/eslint-plugin-jsx-a11y/-/eslint-plugin-jsx-a11y-5.0.1.tgz",
      "integrity": "sha1-SOZ4iR/sn+HlPvU63C99Bf7mZAw=",
      "dev": true,
      "dependencies": {
        "aria-query": {
          "version": "0.5.0",
          "resolved": "https://registry.npmjs.org/aria-query/-/aria-query-0.5.0.tgz",
          "integrity": "sha1-heMVLNjMW6sY2+1hzZxPzlT6ecM="
        }
      }
    },
    "eslint-plugin-react": {
      "version": "7.0.0",
      "resolved": "https://registry.npmjs.org/eslint-plugin-react/-/eslint-plugin-react-7.0.0.tgz",
      "integrity": "sha1-CEz+dy0insWuflJd/G0pnMId3Xc=",
      "dev": true,
      "dependencies": {
        "doctrine": {
          "version": "2.0.0",
          "resolved": "https://registry.npmjs.org/doctrine/-/doctrine-2.0.0.tgz",
          "integrity": "sha1-xz2NKQnSIpHhoAejlYBNqLZl/mM="
        }
      }
    },
    "globby": {
      "version": "6.1.0",
      "resolved": "https://registry.npmjs.org/globby/-/globby-6.1.0.tgz",
      "integrity": "sha1-9abXDoOV4hyFj7BInWTfAkJNUGw=",
      "dev": true
    },
    "gulp": {
      "version": "3.9.1",
      "resolved": "https://registry.npmjs.org/gulp/-/gulp-3.9.1.tgz",
      "integrity": "sha1-VxzkWSjdQK9lFPxAEYZgFsE4RbQ=",
      "dev": true,
      "dependencies": {
        "minimist": {
          "version": "1.2.0",
          "resolved": "https://registry.npmjs.org/minimist/-/minimist-1.2.0.tgz",
          "integrity": "sha1-o1AIsg9BOD7sH7kU9M1d95omQoQ="
        },
        "semver": {
          "version": "4.3.6",
          "resolved": "https://registry.npmjs.org/semver/-/semver-4.3.6.tgz",
          "integrity": "sha1-MAvG4OhjdPe6YQaLWx7NV/xlMto="
        }
      }
    },
    "gulp-autoprefixer": {
      "version": "3.1.1",
      "resolved": "https://registry.npmjs.org/gulp-autoprefixer/-/gulp-autoprefixer-3.1.1.tgz",
      "integrity": "sha1-dSMAUc0NFxND14O36bXREg7u+bA=",
      "dev": true
    },
    "gulp-clean-css": {
      "version": "3.0.3",
      "resolved": "https://registry.npmjs.org/gulp-clean-css/-/gulp-clean-css-3.0.3.tgz",
      "integrity": "sha1-3NZ2dBPVGp3p5LxHuK5+ArQ7HEo=",
      "dev": true
    },
    "gulp-concat": {
      "version": "2.6.1",
      "resolved": "https://registry.npmjs.org/gulp-concat/-/gulp-concat-2.6.1.tgz",
      "integrity": "sha1-Yz0WyV2IUEYorQJmVmPO5aR5M1M=",
      "dev": true,
      "dependencies": {
        "clone-stats": {
          "version": "1.0.0",
          "resolved": "https://registry.npmjs.org/clone-stats/-/clone-stats-1.0.0.tgz",
          "integrity": "sha1-s3gt/4u1R04Yuba/D9/ngvh3doA="
        },
        "replace-ext": {
          "version": "1.0.0",
          "resolved": "https://registry.npmjs.org/replace-ext/-/replace-ext-1.0.0.tgz",
          "integrity": "sha1-3mMSg3P8v3w8z6TeWkgMRaZ5WOs="
        },
        "vinyl": {
          "version": "2.0.2",
          "resolved": "https://registry.npmjs.org/vinyl/-/vinyl-2.0.2.tgz",
          "integrity": "sha1-CjcT2NTpIhxY8QyhbAEWyeJe2nw="
        }
      }
    },
    "gulp-eslint": {
      "version": "3.0.1",
      "resolved": "https://registry.npmjs.org/gulp-eslint/-/gulp-eslint-3.0.1.tgz",
      "integrity": "sha1-BOV+PhjGl0JnwSz2hV3HF9SjE70=",
      "dev": true
    },
    "gulp-if": {
      "version": "2.0.2",
      "resolved": "https://registry.npmjs.org/gulp-if/-/gulp-if-2.0.2.tgz",
      "integrity": "sha1-pJe351cwBQQcqivIt92jyARE1ik=",
      "dev": true
    },
    "gulp-rename": {
      "version": "1.2.2",
      "resolved": "https://registry.npmjs.org/gulp-rename/-/gulp-rename-1.2.2.tgz",
      "integrity": "sha1-OtRCh2PwXidk3sHGfYaNsnVoeBc=",
      "dev": true
    },
    "gulp-sass": {
      "version": "3.1.0",
      "resolved": "https://registry.npmjs.org/gulp-sass/-/gulp-sass-3.1.0.tgz",
      "integrity": "sha1-U9xLaKH13f5EJKtMJHZVJpqLdLc=",
      "dev": true
    },
    "gulp-sourcemaps": {
      "version": "2.4.1",
      "resolved": "https://registry.npmjs.org/gulp-sourcemaps/-/gulp-sourcemaps-2.4.1.tgz",
      "integrity": "sha1-j2XcXA0Hsv1ciLxg7H8T5WcWv3Q=",
      "dev": true,
      "dependencies": {
        "strip-bom": {
          "version": "3.0.0",
          "resolved": "https://registry.npmjs.org/strip-bom/-/strip-bom-3.0.0.tgz",
          "integrity": "sha1-IzTBjpx1n3vdVv3vfprj1YjmjtM="
        },
        "vinyl": {
          "version": "1.2.0",
          "resolved": "https://registry.npmjs.org/vinyl/-/vinyl-1.2.0.tgz",
          "integrity": "sha1-XIgDbPVl5d8FVYv8kR+GVt8hiIQ="
        }
      }
    },
    "gulp-streamify": {
      "version": "1.0.2",
      "resolved": "https://registry.npmjs.org/gulp-streamify/-/gulp-streamify-1.0.2.tgz",
      "integrity": "sha1-ANazgU1IbAiPeHOO0HZqvBY4nk0=",
      "dev": true
    },
    "gulp-uglify": {
      "version": "2.0.1",
      "resolved": "https://registry.npmjs.org/gulp-uglify/-/gulp-uglify-2.0.1.tgz",
      "integrity": "sha1-6M+4MQFPyf8uBV4zeFhhgw1Jk2U=",
      "dev": true
    },
    "gulp-util": {
      "version": "3.0.8",
      "resolved": "https://registry.npmjs.org/gulp-util/-/gulp-util-3.0.8.tgz",
      "integrity": "sha1-AFTh50RQLifATBh8PsxQXdVLu08=",
      "dev": true,
      "dependencies": {
        "minimist": {
          "version": "1.2.0",
          "resolved": "https://registry.npmjs.org/minimist/-/minimist-1.2.0.tgz",
          "integrity": "sha1-o1AIsg9BOD7sH7kU9M1d95omQoQ="
        },
        "object-assign": {
          "version": "3.0.0",
          "resolved": "https://registry.npmjs.org/object-assign/-/object-assign-3.0.0.tgz",
          "integrity": "sha1-m+3VygiXlJvKR+f/QIBi1Un1h/I="
        }
      }
    },
    "pre-commit": {
      "version": "1.2.2",
      "resolved": "https://registry.npmjs.org/pre-commit/-/pre-commit-1.2.2.tgz",
      "integrity": "sha1-287g7p3nI15X95xW186UZBpp7sY=",
      "dev": true,
      "dependencies": {
        "cross-spawn": {
          "version": "5.1.0",
          "resolved": "https://registry.npmjs.org/cross-spawn/-/cross-spawn-5.1.0.tgz",
          "integrity": "sha1-6L0O/uWPz/b4+UUQoKVUu/ojVEk="
        },
        "lru-cache": {
          "version": "4.1.1",
          "resolved": "https://registry.npmjs.org/lru-cache/-/lru-cache-4.1.1.tgz",
          "integrity": "sha512-q4spe4KTfsAS1SUHLO0wz8Qiyf1+vMIAgpRYioFYDMNqKfHQbg+AVDH3i4fvpl71/P1L0dBl+fQi+P37UYf0ew=="
        }
      }
    },
    "run-sequence": {
      "version": "1.2.2",
      "resolved": "https://registry.npmjs.org/run-sequence/-/run-sequence-1.2.2.tgz",
      "integrity": "sha1-UJWgvr6YczsBQL0I3YDsAw3azes=",
      "dev": true
    },
    "sass-lint": {
      "version": "1.10.2",
      "resolved": "https://registry.npmjs.org/sass-lint/-/sass-lint-1.10.2.tgz",
      "integrity": "sha1-glvWsNp53dNqQv+uW21ErEkiUCs=",
      "dev": true,
      "dependencies": {
        "eslint": {
          "version": "2.13.1",
          "resolved": "https://registry.npmjs.org/eslint/-/eslint-2.13.1.tgz",
          "integrity": "sha1-5MyPoPAJ+4KaquI4VaKTYL4fbBE="
        },
        "file-entry-cache": {
          "version": "1.3.1",
          "resolved": "https://registry.npmjs.org/file-entry-cache/-/file-entry-cache-1.3.1.tgz",
          "integrity": "sha1-RMYepgeuS+nBQC9B9EJwy/4zT/g="
        },
        "globule": {
          "version": "1.2.0",
          "resolved": "https://registry.npmjs.org/globule/-/globule-1.2.0.tgz",
          "integrity": "sha1-HcScaCLdnoovoAuiopUAboZkvQk="
        },
        "json-stable-stringify": {
          "version": "1.0.1",
          "resolved": "https://registry.npmjs.org/json-stable-stringify/-/json-stable-stringify-1.0.1.tgz",
          "integrity": "sha1-mnWdOcXy/1A/1TAGRu1EX4jE+a8="
        },
        "shelljs": {
          "version": "0.6.1",
          "resolved": "https://registry.npmjs.org/shelljs/-/shelljs-0.6.1.tgz",
          "integrity": "sha1-7GIRvtGSBEIIj+D3Cyg3Iy7SyKg="
        },
        "strip-json-comments": {
          "version": "1.0.4",
          "resolved": "https://registry.npmjs.org/strip-json-comments/-/strip-json-comments-1.0.4.tgz",
          "integrity": "sha1-HhX7ysl9Pumb8tc7TGVrCCu6+5E="
        },
        "user-home": {
          "version": "2.0.0",
          "resolved": "https://registry.npmjs.org/user-home/-/user-home-2.0.0.tgz",
          "integrity": "sha1-nHC/2Babwdy/SGBODwS4tJzenp8="
        }
      }
    },
    "vinyl-buffer": {
      "version": "1.0.0",
      "resolved": "https://registry.npmjs.org/vinyl-buffer/-/vinyl-buffer-1.0.0.tgz",
      "integrity": "sha1-ygZ+oIQx1QdyKx3lCD9gJhbrwjQ=",
      "dev": true,
      "dependencies": {
        "isarray": {
          "version": "0.0.1",
          "resolved": "https://registry.npmjs.org/isarray/-/isarray-0.0.1.tgz",
          "integrity": "sha1-ihis/Kmo9Bd+Cav8YDiTmwXR7t8="
        },
        "readable-stream": {
          "version": "1.0.34",
          "resolved": "https://registry.npmjs.org/readable-stream/-/readable-stream-1.0.34.tgz",
          "integrity": "sha1-Elgg40vIQtLyqq+v5MKRbuMsFXw="
        },
        "string_decoder": {
          "version": "0.10.31",
          "resolved": "https://registry.npmjs.org/string_decoder/-/string_decoder-0.10.31.tgz",
          "integrity": "sha1-YuIDvEF2bGwoyfyEMB2rHFMQ+pQ="
        },
        "through2": {
          "version": "0.6.5",
          "resolved": "https://registry.npmjs.org/through2/-/through2-0.6.5.tgz",
          "integrity": "sha1-QaucZ7KdVyCQcUEOHXp6lozTrUg="
        }
      }
    },
    "vinyl-source-stream": {
      "version": "1.1.0",
      "resolved": "https://registry.npmjs.org/vinyl-source-stream/-/vinyl-source-stream-1.1.0.tgz",
      "integrity": "sha1-RMvlEIIFJ53rDFZTwJSiiHk4sas=",
      "dev": true,
      "dependencies": {
        "clone": {
          "version": "0.2.0",
          "resolved": "https://registry.npmjs.org/clone/-/clone-0.2.0.tgz",
          "integrity": "sha1-xhJqkK1Pctv1rNskPMN3JP6T/B8="
        },
        "isarray": {
          "version": "0.0.1",
          "resolved": "https://registry.npmjs.org/isarray/-/isarray-0.0.1.tgz",
          "integrity": "sha1-ihis/Kmo9Bd+Cav8YDiTmwXR7t8="
        },
        "readable-stream": {
          "version": "1.0.34",
          "resolved": "https://registry.npmjs.org/readable-stream/-/readable-stream-1.0.34.tgz",
          "integrity": "sha1-Elgg40vIQtLyqq+v5MKRbuMsFXw="
        },
        "string_decoder": {
          "version": "0.10.31",
          "resolved": "https://registry.npmjs.org/string_decoder/-/string_decoder-0.10.31.tgz",
          "integrity": "sha1-YuIDvEF2bGwoyfyEMB2rHFMQ+pQ="
        },
        "through2": {
          "version": "0.6.5",
          "resolved": "https://registry.npmjs.org/through2/-/through2-0.6.5.tgz",
          "integrity": "sha1-QaucZ7KdVyCQcUEOHXp6lozTrUg="
        },
        "vinyl": {
          "version": "0.4.6",
          "resolved": "https://registry.npmjs.org/vinyl/-/vinyl-0.4.6.tgz",
          "integrity": "sha1-LzVsh6VQolVGHza76ypbqL94SEc="
        }
      }
    },
    "watchify": {
      "version": "3.9.0",
      "resolved": "https://registry.npmjs.org/watchify/-/watchify-3.9.0.tgz",
      "integrity": "sha1-8HX9LoqGrN6Eztum5cKgvt1SPZ4=",
      "dev": true
    }
  }
}
